
Microsoft Visual Studio Solution File, Format Version 12.00
# Visual Studio 15
VisualStudioVersion = 15.0.28307.102
MinimumVisualStudioVersion = 10.0.40219.1
Project("{FAE04EC0-301F-11D3-BF4B-00C04F79EFBC}") = "CineNet", "CineNet\CineNet.csproj", "{6BD62B6A-DE96-4055-BA5F-9DD2F14E4D34}"
EndProject
Project("{FAE04EC0-301F-11D3-BF4B-00C04F79EFBC}") = "CineHandler", "CineHandler\CineHandler.csproj", "{CBD2EEEA-F611-4064-A2A2-B7BBC41CFAF4}"
EndProject
Project("{FAE04EC0-301F-11D3-BF4B-00C04F79EFBC}") = "CineEntity", "CineEntity\CineEntity.csproj", "{F0C50C84-A655-4C3E-99D3-D87EDBE00C18}"
EndProject
Project("{FAE04EC0-301F-11D3-BF4B-00C04F79EFBC}") = "CineNetBase", "CineNetBase\CineNetBase.csproj", "{9CE84C6C-1237-4316-AAFC-96EE80EC8EED}"
EndProject
Project("{FAE04EC0-301F-11D3-BF4B-00C04F79EFBC}") = "EFCineNet", "EFCineNet\EFCineNet.csproj", "{83CA8C54-6EEC-454A-B4FD-F5C8CD96857A}"
EndProject
Global
	GlobalSection(SolutionConfigurationPlatforms) = preSolution
		Debug|Any CPU = Debug|Any CPU
		Debug|ARM = Debug|ARM
		Debug|x64 = Debug|x64
		Debug|x86 = Debug|x86
		Release|Any CPU = Release|Any CPU
		Release|ARM = Release|ARM
		Release|x64 = Release|x64
		Release|x86 = Release|x86
	EndGlobalSection
	GlobalSection(ProjectConfigurationPlatforms) = postSolution
		{6BD62B6A-DE96-4055-BA5F-9DD2F14E4D34}.Debug|Any CPU.ActiveCfg = Debug|Any CPU
		{6BD62B6A-DE96-4055-BA5F-9DD2F14E4D34}.Debug|Any CPU.Build.0 = Debug|Any CPU
		{6BD62B6A-DE96-4055-BA5F-9DD2F14E4D34}.Debug|ARM.ActiveCfg = Debug|Any CPU
		{6BD62B6A-DE96-4055-BA5F-9DD2F14E4D34}.Debug|ARM.Build.0 = Debug|Any CPU
		{6BD62B6A-DE96-4055-BA5F-9DD2F14E4D34}.Debug|x64.ActiveCfg = Debug|Any CPU
		{6BD62B6A-DE96-4055-BA5F-9DD2F14E4D34}.Debug|x64.Build.0 = Debug|Any CPU
		{6BD62B6A-DE96-4055-BA5F-9DD2F14E4D34}.Debug|x86.ActiveCfg = Debug|Any CPU
		{6BD62B6A-DE96-4055-BA5F-9DD2F14E4D34}.Debug|x86.Build.0 = Debug|Any CPU
		{6BD62B6A-DE96-4055-BA5F-9DD2F14E4D34}.Release|Any CPU.ActiveCfg = Release|Any CPU
		{6BD62B6A-DE96-4055-BA5F-9DD2F14E4D34}.Release|Any CPU.Build.0 = Release|Any CPU
		{6BD62B6A-DE96-4055-BA5F-9DD2F14E4D34}.Release|ARM.ActiveCfg = Release|Any CPU
		{6BD62B6A-DE96-4055-BA5F-9DD2F14E4D34}.Release|ARM.Build.0 = Release|Any CPU
		{6BD62B6A-DE96-4055-BA5F-9DD2F14E4D34}.Release|x64.ActiveCfg = Release|Any CPU
		{6BD62B6A-DE96-4055-BA5F-9DD2F14E4D34}.Release|x64.Build.0 = Release|Any CPU
		{6BD62B6A-DE96-4055-BA5F-9DD2F14E4D34}.Release|x86.ActiveCfg = Release|Any CPU
		{6BD62B6A-DE96-4055-BA5F-9DD2F14E4D34}.Release|x86.Build.0 = Release|Any CPU
		{CBD2EEEA-F611-4064-A2A2-B7BBC41CFAF4}.Debug|Any CPU.ActiveCfg = Debug|Any CPU
		{CBD2EEEA-F611-4064-A2A2-B7BBC41CFAF4}.Debug|Any CPU.Build.0 = Debug|Any CPU
		{CBD2EEEA-F611-4064-A2A2-B7BBC41CFAF4}.Debug|ARM.ActiveCfg = Debug|Any CPU
		{CBD2EEEA-F611-4064-A2A2-B7BBC41CFAF4}.Debug|ARM.Build.0 = Debug|Any CPU
		{CBD2EEEA-F611-4064-A2A2-B7BBC41CFAF4}.Debug|x64.ActiveCfg = Debug|Any CPU
		{CBD2EEEA-F611-4064-A2A2-B7BBC41CFAF4}.Debug|x64.Build.0 = Debug|Any CPU
		{CBD2EEEA-F611-4064-A2A2-B7BBC41CFAF4}.Debug|x86.ActiveCfg = Debug|Any CPU
		{CBD2EEEA-F611-4064-A2A2-B7BBC41CFAF4}.Debug|x86.Build.0 = Debug|Any CPU
		{CBD2EEEA-F611-4064-A2A2-B7BBC41CFAF4}.Release|Any CPU.ActiveCfg = Release|Any CPU
		{CBD2EEEA-F611-4064-A2A2-B7BBC41CFAF4}.Release|Any CPU.Build.0 = Release|Any CPU
		{CBD2EEEA-F611-4064-A2A2-B7BBC41CFAF4}.Release|ARM.ActiveCfg = Release|Any CPU
		{CBD2EEEA-F611-4064-A2A2-B7BBC41CFAF4}.Release|ARM.Build.0 = Release|Any CPU
		{CBD2EEEA-F611-4064-A2A2-B7BBC41CFAF4}.Release|x64.ActiveCfg = Release|Any CPU
		{CBD2EEEA-F611-4064-A2A2-B7BBC41CFAF4}.Release|x64.Build.0 = Release|Any CPU
		{CBD2EEEA-F611-4064-A2A2-B7BBC41CFAF4}.Release|x86.ActiveCfg = Release|Any CPU
		{CBD2EEEA-F611-4064-A2A2-B7BBC41CFAF4}.Release|x86.Build.0 = Release|Any CPU
		{F0C50C84-A655-4C3E-99D3-D87EDBE00C18}.Debug|Any CPU.ActiveCfg = Debug|Any CPU
		{F0C50C84-A655-4C3E-99D3-D87EDBE00C18}.Debug|Any CPU.Build.0 = Debug|Any CPU
		{F0C50C84-A655-4C3E-99D3-D87EDBE00C18}.Debug|ARM.ActiveCfg = Debug|Any CPU
		{F0C50C84-A655-4C3E-99D3-D87EDBE00C18}.Debug|ARM.Build.0 = Debug|Any CPU
		{F0C50C84-A655-4C3E-99D3-D87EDBE00C18}.Debug|x64.ActiveCfg = Debug|Any CPU
		{F0C50C84-A655-4C3E-99D3-D87EDBE00C18}.Debug|x64.Build.0 = Debug|Any CPU
		{F0C50C84-A655-4C3E-99D3-D87EDBE00C18}.Debug|x86.ActiveCfg = Debug|Any CPU
		{F0C50C84-A655-4C3E-99D3-D87EDBE00C18}.Debug|x86.Build.0 = Debug|Any CPU
		{F0C50C84-A655-4C3E-99D3-D87EDBE00C18}.Release|Any CPU.ActiveCfg = Release|Any CPU
		{F0C50C84-A655-4C3E-99D3-D87EDBE00C18}.Release|Any CPU.Build.0 = Release|Any CPU
		{F0C50C84-A655-4C3E-99D3-D87EDBE00C18}.Release|ARM.ActiveCfg = Release|Any CPU
		{F0C50C84-A655-4C3E-99D3-D87EDBE00C18}.Release|ARM.Build.0 = Release|Any CPU
		{F0C50C84-A655-4C3E-99D3-D87EDBE00C18}.Release|x64.ActiveCfg = Release|Any CPU
		{F0C50C84-A655-4C3E-99D3-D87EDBE00C18}.Release|x64.Build.0 = Release|Any CPU
		{F0C50C84-A655-4C3E-99D3-D87EDBE00C18}.Release|x86.ActiveCfg = Release|Any CPU
		{F0C50C84-A655-4C3E-99D3-D87EDBE00C18}.Release|x86.Build.0 = Release|Any CPU
		{9CE84C6C-1237-4316-AAFC-96EE80EC8EED}.Debug|Any CPU.ActiveCfg = Debug|Any CPU
		{9CE84C6C-1237-4316-AAFC-96EE80EC8EED}.Debug|Any CPU.Build.0 = Debug|Any CPU
		{9CE84C6C-1237-4316-AAFC-96EE80EC8EED}.Debug|ARM.ActiveCfg = Debug|Any CPU
		{9CE84C6C-1237-4316-AAFC-96EE80EC8EED}.Debug|ARM.Build.0 = Debug|Any CPU
		{9CE84C6C-1237-4316-AAFC-96EE80EC8EED}.Debug|x64.ActiveCfg = Debug|Any CPU
		{9CE84C6C-1237-4316-AAFC-96EE80EC8EED}.Debug|x64.Build.0 = Debug|Any CPU
		{9CE84C6C-1237-4316-AAFC-96EE80EC8EED}.Debug|x86.ActiveCfg = Debug|Any CPU
		{9CE84C6C-1237-4316-AAFC-96EE80EC8EED}.Debug|x86.Build.0 = Debug|Any CPU
		{9CE84C6C-1237-4316-AAFC-96EE80EC8EED}.Release|Any CPU.ActiveCfg = Release|Any CPU
		{9CE84C6C-1237-4316-AAFC-96EE80EC8EED}.Release|Any CPU.Build.0 = Release|Any CPU
		{9CE84C6C-1237-4316-AAFC-96EE80EC8EED}.Release|ARM.ActiveCfg = Release|Any CPU
		{9CE84C6C-1237-4316-AAFC-96EE80EC8EED}.Release|ARM.Build.0 = Release|Any CPU
		{9CE84C6C-1237-4316-AAFC-96EE80EC8EED}.Release|x64.ActiveCfg = Release|Any CPU
		{9CE84C6C-1237-4316-AAFC-96EE80EC8EED}.Release|x64.Build.0 = Release|Any CPU
		{9CE84C6C-1237-4316-AAFC-96EE80EC8EED}.Release|x86.ActiveCfg = Release|Any CPU
		{9CE84C6C-1237-4316-AAFC-96EE80EC8EED}.Release|x86.Build.0 = Release|Any CPU
		{83CA8C54-6EEC-454A-B4FD-F5C8CD96857A}.Debug|Any CPU.ActiveCfg = Debug|Any CPU
		{83CA8C54-6EEC-454A-B4FD-F5C8CD96857A}.Debug|Any CPU.Build.0 = Debug|Any CPU
		{83CA8C54-6EEC-454A-B4FD-F5C8CD96857A}.Debug|ARM.ActiveCfg = Debug|Any CPU
		{83CA8C54-6EEC-454A-B4FD-F5C8CD96857A}.Debug|ARM.Build.0 = Debug|Any CPU
		{83CA8C54-6EEC-454A-B4FD-F5C8CD96857A}.Debug|x64.ActiveCfg = Debug|Any CPU
		{83CA8C54-6EEC-454A-B4FD-F5C8CD96857A}.Debug|x64.Build.0 = Debug|Any CPU
		{83CA8C54-6EEC-454A-B4FD-F5C8CD96857A}.Debug|x86.ActiveCfg = Debug|Any CPU
		{83CA8C54-6EEC-454A-B4FD-F5C8CD96857A}.Debug|x86.Build.0 = Debug|Any CPU
		{83CA8C54-6EEC-454A-B4FD-F5C8CD96857A}.Release|Any CPU.ActiveCfg = Release|Any CPU
		{83CA8C54-6EEC-454A-B4FD-F5C8CD96857A}.Release|Any CPU.Build.0 = Release|Any CPU
		{83CA8C54-6EEC-454A-B4FD-F5C8CD96857A}.Release|ARM.ActiveCfg = Release|Any CPU
		{83CA8C54-6EEC-454A-B4FD-F5C8CD96857A}.Release|ARM.Build.0 = Release|Any CPU
		{83CA8C54-6EEC-454A-B4FD-F5C8CD96857A}.Release|x64.ActiveCfg = Release|Any CPU
		{83CA8C54-6EEC-454A-B4FD-F5C8CD96857A}.Release|x64.Build.0 = Release|Any CPU
		{83CA8C54-6EEC-454A-B4FD-F5C8CD96857A}.Release|x86.ActiveCfg = Release|Any CPU
		{83CA8C54-6EEC-454A-B4FD-F5C8CD96857A}.Release|x86.Build.0 = Release|Any CPU
	EndGlobalSection
	GlobalSection(SolutionProperties) = preSolution
		HideSolutionNode = FALSE
	EndGlobalSection
	GlobalSection(ExtensibilityGlobals) = postSolution
		SolutionGuid = {AF9EE75F-9E6A-41DD-AA47-71B739FA62F7}
	EndGlobalSection
EndGlobal
